
Microsoft Visual Studio Solution File, Format Version 12.00
# Visual Studio 15
VisualStudioVersion = 15.0.28307.572
MinimumVisualStudioVersion = 10.0.40219.1
Project("{FAE04EC0-301F-11D3-BF4B-00C04F79EFBC}") = "Company.Business", "Company.Business\Company.Business.csproj", "{FB7E02AB-702E-4DE9-B06E-45D421F3BAAB}"
EndProject
Project("{FAE04EC0-301F-11D3-BF4B-00C04F79EFBC}") = "Company.Domain", "Company.Domain\Company.Domain.csproj", "{248D6E2A-D16A-4B28-BD02-D3163C7E6E1B}"
EndProject
Project("{FAE04EC0-301F-11D3-BF4B-00C04F79EFBC}") = "Company.Repository", "Company.Repository\Company.Repository.csproj", "{A29E839E-9A26-4471-B492-09A9E474CE7A}"
EndProject
Project("{FAE04EC0-301F-11D3-BF4B-00C04F79EFBC}") = "Company.WebUI", "Company.WebUI\Company.WebUI.csproj", "{C15ABA37-ECCA-4D60-B12D-665F6AD09928}"
EndProject
Global
	GlobalSection(SolutionConfigurationPlatforms) = preSolution
		Debug|Any CPU = Debug|Any CPU
		Release|Any CPU = Release|Any CPU
	EndGlobalSection
	GlobalSection(ProjectConfigurationPlatforms) = postSolution
		{FB7E02AB-702E-4DE9-B06E-45D421F3BAAB}.Debug|Any CPU.ActiveCfg = Debug|Any CPU
		{FB7E02AB-702E-4DE9-B06E-45D421F3BAAB}.Debug|Any CPU.Build.0 = Debug|Any CPU
		{FB7E02AB-702E-4DE9-B06E-45D421F3BAAB}.Release|Any CPU.ActiveCfg = Release|Any CPU
		{FB7E02AB-702E-4DE9-B06E-45D421F3BAAB}.Release|Any CPU.Build.0 = Release|Any CPU
		{248D6E2A-D16A-4B28-BD02-D3163C7E6E1B}.Debug|Any CPU.ActiveCfg = Debug|Any CPU
		{248D6E2A-D16A-4B28-BD02-D3163C7E6E1B}.Debug|Any CPU.Build.0 = Debug|Any CPU
		{248D6E2A-D16A-4B28-BD02-D3163C7E6E1B}.Release|Any CPU.ActiveCfg = Release|Any CPU
		{248D6E2A-D16A-4B28-BD02-D3163C7E6E1B}.Release|Any CPU.Build.0 = Release|Any CPU
		{A29E839E-9A26-4471-B492-09A9E474CE7A}.Debug|Any CPU.ActiveCfg = Debug|Any CPU
		{A29E839E-9A26-4471-B492-09A9E474CE7A}.Debug|Any CPU.Build.0 = Debug|Any CPU
		{A29E839E-9A26-4471-B492-09A9E474CE7A}.Release|Any CPU.ActiveCfg = Release|Any CPU
		{A29E839E-9A26-4471-B492-09A9E474CE7A}.Release|Any CPU.Build.0 = Release|Any CPU
		{C15ABA37-ECCA-4D60-B12D-665F6AD09928}.Debug|Any CPU.ActiveCfg = Debug|Any CPU
		{C15ABA37-ECCA-4D60-B12D-665F6AD09928}.Debug|Any CPU.Build.0 = Debug|Any CPU
		{C15ABA37-ECCA-4D60-B12D-665F6AD09928}.Release|Any CPU.ActiveCfg = Release|Any CPU
		{C15ABA37-ECCA-4D60-B12D-665F6AD09928}.Release|Any CPU.Build.0 = Release|Any CPU
	EndGlobalSection
	GlobalSection(SolutionProperties) = preSolution
		HideSolutionNode = FALSE
	EndGlobalSection
	GlobalSection(ExtensibilityGlobals) = postSolution
		SolutionGuid = {BDBFC469-1D19-4B9D-9489-18D17524226B}
	EndGlobalSection
EndGlobal
